<?xml version="1.0" encoding="utf-8"?>
<Project ToolsVersion="4.0" xmlns="http://schemas.microsoft.com/developer/msbuild/2003">
  <ItemGroup>
    <Filter Include="Source Files">
      <UniqueIdentifier>{4FC737F1-C7A5-4376-A066-2A32D752A2FF}</UniqueIdentifier>
      <Extensions>cpp;c;cc;cxx;def;odl;idl;hpj;bat;asm;asmx</Extensions>
    </Filter>
    <Filter Include="Header Files">
      <UniqueIdentifier>{93995380-89BD-4b04-88EB-625FBE52EBFB}</UniqueIdentifier>
      <Extensions>h;hh;hpp;hxx;hm;inl;inc;xsd</Extensions>
    </Filter>
    <Filter Include="Resource Files">
      <UniqueIdentifier>{67DA6AB6-F800-4c08-8B7A-83BB121AAD01}</UniqueIdentifier>
      <Extensions>rc;ico;cur;bmp;dlg;rc2;rct;bin;rgs;gif;jpg;jpeg;jpe;resx;tiff;tif;png;wav;mfcribbon-ms</Extensions>
    </Filter>
    <Filter Include="Header Files\unfrequent winapi">
      <UniqueIdentifier>{2a4c6445-60ca-49c1-838a-b0a3e5011beb}</UniqueIdentifier>
    </Filter>
    <Filter Include="Header Files\unfrequent">
      <UniqueIdentifier>{596569da-2796-41a5-9898-62f493f0227e}</UniqueIdentifier>
    </Filter>
    <Filter Include="Header Files\inc">
      <UniqueIdentifier>{b7110c20-1858-4aa2-977e-3bcef8b37536}</UniqueIdentifier>
    </Filter>
    <Filter Include="Source Files\inc">
      <UniqueIdentifier>{d5b79a12-becf-42b1-86ef-e6c78537b8b8}</UniqueIdentifier>
    </Filter>
    <Filter Include="Source Files\nonfreecpp">
      <UniqueIdentifier>{ba0e11f9-427e-4c58-8b78-757bfe7d5b48}</UniqueIdentifier>
    </Filter>
    <Filter Include="Header Files\tools">
      <UniqueIdentifier>{42467eee-9609-4c2a-bbf4-fd5126c3956a}</UniqueIdentifier>
    </Filter>
  </ItemGroup>
  <ItemGroup>
    <Text Include="ReadMe.txt" />
  </ItemGroup>
  <ItemGroup>
    <ClInclude Include="resource.h">
      <Filter>Header Files\unfrequent winapi</Filter>
    </ClInclude>
    <ClInclude Include="stdafx.h">
      <Filter>Header Files\unfrequent winapi</Filter>
    </ClInclude>
    <ClInclude Include="targetver.h">
      <Filter>Header Files\unfrequent winapi</Filter>
    </ClInclude>
    <ClInclude Include="controlpanel.h">
      <Filter>Header Files</Filter>
    </ClInclude>
    <ClInclude Include="server.h">
      <Filter>Header Files</Filter>
    </ClInclude>
    <ClInclude Include="camera.h">
      <Filter>Header Files</Filter>
    </ClInclude>
    <ClInclude Include="MadRockers2973ControlPanel2018.h">
      <Filter>Header Files\unfrequent winapi</Filter>
    </ClInclude>
    <ClInclude Include="imagesearch.h">
      <Filter>Header Files\unfrequent</Filter>
    </ClInclude>
    <ClInclude Include="message.h">
      <Filter>Header Files\unfrequent</Filter>
    </ClInclude>
    <ClInclude Include="imagetracker.h">
      <Filter>Header Files\unfrequent</Filter>
    </ClInclude>
    <ClInclude Include="datadecoder.h">
      <Filter>Header Files\unfrequent</Filter>
    </ClInclude>
    <ClInclude Include="debugterminal.h">
      <Filter>Header Files\tools</Filter>
    </ClInclude>
    <ClInclude Include="fieldmap.h">
      <Filter>Header Files\tools</Filter>
    </ClInclude>
    <ClInclude Include="callbacks.h">
      <Filter>Header Files\unfrequent</Filter>
    </ClInclude>
    <ClInclude Include="..\..\..\..\..\..\Library\The Great Transfer\modules\tracking\include\opencv2\tracking\onlineMIL.hpp">
      <Filter>Header Files\inc</Filter>
    </ClInclude>
    <ClInclude Include="..\..\..\..\..\..\Library\The Great Transfer\modules\tracking\include\opencv2\tracking\tldDataset.hpp">
      <Filter>Header Files\inc</Filter>
    </ClInclude>
    <ClInclude Include="..\..\..\..\..\..\Library\The Great Transfer\modules\tracking\include\opencv2\tracking\tracker.hpp">
      <Filter>Header Files\inc</Filter>
    </ClInclude>
    <ClInclude Include="..\..\..\..\..\..\Library\The Great Transfer\modules\tracking\include\opencv2\tracking\tracking.hpp">
      <Filter>Header Files\inc</Filter>
    </ClInclude>
    <ClInclude Include="..\..\..\..\..\..\Library\The Great Transfer\modules\tracking\include\opencv2\tracking\feature.hpp">
      <Filter>Header Files\inc</Filter>
    </ClInclude>
    <ClInclude Include="..\..\..\..\..\..\Library\The Great Transfer\modules\tracking\include\opencv2\tracking\kalman_filters.hpp">
      <Filter>Header Files\inc</Filter>
    </ClInclude>
    <ClInclude Include="..\..\..\..\..\..\Library\The Great Transfer\modules\tracking\include\opencv2\tracking\onlineBoosting.hpp">
      <Filter>Header Files\inc</Filter>
    </ClInclude>
    <ClInclude Include="..\..\..\..\..\..\Library\The Great Transfer\modules\tracking\include\opencv2\tracking.hpp">
      <Filter>Header Files\inc</Filter>
    </ClInclude>
    <ClInclude Include="..\..\..\..\..\..\Library\The Great Transfer\modules\tracking\src\gtrTracker.hpp">
      <Filter>Source Files\inc</Filter>
    </ClInclude>
    <ClInclude Include="..\..\..\..\..\..\Library\The Great Transfer\modules\tracking\src\gtrUtils.hpp">
      <Filter>Source Files\inc</Filter>
    </ClInclude>
    <ClInclude Include="..\..\..\..\..\..\Library\The Great Transfer\modules\tracking\src\multiTracker.hpp">
      <Filter>Source Files\inc</Filter>
    </ClInclude>
    <ClInclude Include="..\..\..\..\..\..\Library\The Great Transfer\modules\tracking\src\PFSolver.hpp">
      <Filter>Source Files\inc</Filter>
    </ClInclude>
    <ClInclude Include="..\..\..\..\..\..\Library\The Great Transfer\modules\tracking\src\precomp.hpp">
      <Filter>Source Files\inc</Filter>
    </ClInclude>
    <ClInclude Include="..\..\..\..\..\..\Library\The Great Transfer\modules\tracking\src\tldDetector.hpp">
      <Filter>Source Files\inc</Filter>
    </ClInclude>
    <ClInclude Include="..\..\..\..\..\..\Library\The Great Transfer\modules\tracking\src\tldEnsembleClassifier.hpp">
      <Filter>Source Files\inc</Filter>
    </ClInclude>
    <ClInclude Include="..\..\..\..\..\..\Library\The Great Transfer\modules\tracking\src\tldModel.hpp">
      <Filter>Source Files\inc</Filter>
    </ClInclude>
    <ClInclude Include="..\..\..\..\..\..\Library\The Great Transfer\modules\tracking\src\tldTracker.hpp">
      <Filter>Source Files\inc</Filter>
    </ClInclude>
    <ClInclude Include="..\..\..\..\..\..\Library\The Great Transfer\modules\tracking\src\tldUtils.hpp">
      <Filter>Source Files\inc</Filter>
    </ClInclude>
    <ClInclude Include="..\..\..\..\..\..\Library\The Great Transfer\modules\tracking\src\trackerBoostingModel.hpp">
      <Filter>Source Files\inc</Filter>
    </ClInclude>
    <ClInclude Include="..\..\..\..\..\..\Library\The Great Transfer\modules\tracking\src\trackerMILModel.hpp">
      <Filter>Source Files\inc</Filter>
    </ClInclude>
    <ClInclude Include="..\..\..\..\..\..\Library\The Great Transfer\modules\tracking\src\TrackingFunctionPF.hpp">
      <Filter>Source Files\inc</Filter>
    </ClInclude>
    <ClInclude Include="battery.h">
      <Filter>Header Files\tools</Filter>
    </ClInclude>
    <ClInclude Include="autodata.h">
      <Filter>Header Files\tools</Filter>
    </ClInclude>
    <ClInclude Include="sliders.h">
      <Filter>Header Files\tools</Filter>
    </ClInclude>
    <ClInclude Include="adjustVariableStatic.h">
      <Filter>Header Files\tools</Filter>
    </ClInclude>
  </ItemGroup>
  <ItemGroup>
    <ClCompile Include="stdafx.cpp">
      <Filter>Source Files</Filter>
    </ClCompile>
    <ClCompile Include="MadRockers2973ControlPanel2018.cpp">
      <Filter>Source Files</Filter>
    </ClCompile>
    <ClCompile Include="..\..\..\..\..\..\Library\The Great Transfer\modules\xfeatures2d\src\stardetector.cpp">
      <Filter>Source Files\nonfreecpp</Filter>
    </ClCompile>
    <ClCompile Include="..\..\..\..\..\..\Library\The Great Transfer\modules\xfeatures2d\src\surf.cpp">
      <Filter>Source Files\nonfreecpp</Filter>
    </ClCompile>
    <ClCompile Include="..\..\..\..\..\..\Library\The Great Transfer\modules\xfeatures2d\src\surf.ocl.cpp">
      <Filter>Source Files\nonfreecpp</Filter>
    </ClCompile>
    <ClCompile Include="..\..\..\..\..\..\Library\The Great Transfer\modules\xfeatures2d\src\vgg.cpp">
      <Filter>Source Files\nonfreecpp</Filter>
    </ClCompile>
    <ClCompile Include="..\..\..\..\..\..\Library\The Great Transfer\modules\xfeatures2d\src\xfeatures2d_init.cpp">
      <Filter>Source Files\nonfreecpp</Filter>
    </ClCompile>
    <ClCompile Include="..\..\..\..\..\..\Library\The Great Transfer\modules\xfeatures2d\src\sift.cpp">
      <Filter>Source Files\nonfreecpp</Filter>
    </ClCompile>
    <ClCompile Include="..\..\..\..\..\..\Library\The Great Transfer\modules\xfeatures2d\src\affine_feature2d.cpp">
      <Filter>Source Files\nonfreecpp</Filter>
    </ClCompile>
    <ClCompile Include="..\..\..\..\..\..\Library\The Great Transfer\modules\xfeatures2d\src\boostdesc.cpp">
      <Filter>Source Files\nonfreecpp</Filter>
    </ClCompile>
    <ClCompile Include="..\..\..\..\..\..\Library\The Great Transfer\modules\xfeatures2d\src\brief.cpp">
      <Filter>Source Files\nonfreecpp</Filter>
    </ClCompile>
    <ClCompile Include="..\..\..\..\..\..\Library\The Great Transfer\modules\xfeatures2d\src\daisy.cpp">
      <Filter>Source Files\nonfreecpp</Filter>
    </ClCompile>
    <ClCompile Include="..\..\..\..\..\..\Library\The Great Transfer\modules\xfeatures2d\src\ellipticKeyPoint.cpp">
      <Filter>Source Files\nonfreecpp</Filter>
    </ClCompile>
    <ClCompile Include="..\..\..\..\..\..\Library\The Great Transfer\modules\xfeatures2d\src\freak.cpp">
      <Filter>Source Files\nonfreecpp</Filter>
    </ClCompile>
    <ClCompile Include="..\..\..\..\..\..\Library\The Great Transfer\modules\xfeatures2d\src\harris_lapace_detector.cpp">
      <Filter>Source Files\nonfreecpp</Filter>
    </ClCompile>
    <ClCompile Include="..\..\..\..\..\..\Library\The Great Transfer\modules\xfeatures2d\src\latch.cpp">
      <Filter>Source Files\nonfreecpp</Filter>
    </ClCompile>
    <ClCompile Include="..\..\..\..\..\..\Library\The Great Transfer\modules\xfeatures2d\src\lucid.cpp">
      <Filter>Source Files\nonfreecpp</Filter>
    </ClCompile>
    <ClCompile Include="..\..\..\..\..\..\Library\The Great Transfer\modules\xfeatures2d\src\msd.cpp">
      <Filter>Source Files\nonfreecpp</Filter>
    </ClCompile>
    <ClCompile Include="..\..\..\..\..\..\Library\The Great Transfer\modules\tracking\src\unscented_kalman.cpp">
      <Filter>Source Files\inc</Filter>
    </ClCompile>
    <ClCompile Include="..\..\..\..\..\..\Library\The Great Transfer\modules\tracking\src\augmented_unscented_kalman.cpp">
      <Filter>Source Files\inc</Filter>
    </ClCompile>
    <ClCompile Include="..\..\..\..\..\..\Library\The Great Transfer\modules\tracking\src\feature.cpp">
      <Filter>Source Files\inc</Filter>
    </ClCompile>
    <ClCompile Include="..\..\..\..\..\..\Library\The Great Transfer\modules\tracking\src\featureColorName.cpp">
      <Filter>Source Files\inc</Filter>
    </ClCompile>
    <ClCompile Include="..\..\..\..\..\..\Library\The Great Transfer\modules\tracking\src\gtrTracker.cpp">
      <Filter>Source Files\inc</Filter>
    </ClCompile>
    <ClCompile Include="..\..\..\..\..\..\Library\The Great Transfer\modules\tracking\src\gtrUtils.cpp">
      <Filter>Source Files\inc</Filter>
    </ClCompile>
    <ClCompile Include="..\..\..\..\..\..\Library\The Great Transfer\modules\tracking\src\multiTracker.cpp">
      <Filter>Source Files\inc</Filter>
    </ClCompile>
    <ClCompile Include="..\..\..\..\..\..\Library\The Great Transfer\modules\tracking\src\multiTracker_alt.cpp">
      <Filter>Source Files\inc</Filter>
    </ClCompile>
    <ClCompile Include="..\..\..\..\..\..\Library\The Great Transfer\modules\tracking\src\onlineBoosting.cpp">
      <Filter>Source Files\inc</Filter>
    </ClCompile>
    <ClCompile Include="..\..\..\..\..\..\Library\The Great Transfer\modules\tracking\src\onlineMIL.cpp">
      <Filter>Source Files\inc</Filter>
    </ClCompile>
    <ClCompile Include="..\..\..\..\..\..\Library\The Great Transfer\modules\tracking\src\tldDataset.cpp">
      <Filter>Source Files\inc</Filter>
    </ClCompile>
    <ClCompile Include="..\..\..\..\..\..\Library\The Great Transfer\modules\tracking\src\tldDetector.cpp">
      <Filter>Source Files\inc</Filter>
    </ClCompile>
    <ClCompile Include="..\..\..\..\..\..\Library\The Great Transfer\modules\tracking\src\tldEnsembleClassifier.cpp">
      <Filter>Source Files\inc</Filter>
    </ClCompile>
    <ClCompile Include="..\..\..\..\..\..\Library\The Great Transfer\modules\tracking\src\tldModel.cpp">
      <Filter>Source Files\inc</Filter>
    </ClCompile>
    <ClCompile Include="..\..\..\..\..\..\Library\The Great Transfer\modules\tracking\src\tldTracker.cpp">
      <Filter>Source Files\inc</Filter>
    </ClCompile>
    <ClCompile Include="..\..\..\..\..\..\Library\The Great Transfer\modules\tracking\src\tldUtils.cpp">
      <Filter>Source Files\inc</Filter>
    </ClCompile>
    <ClCompile Include="..\..\..\..\..\..\Library\The Great Transfer\modules\tracking\src\tracker.cpp">
      <Filter>Source Files\inc</Filter>
    </ClCompile>
    <ClCompile Include="..\..\..\..\..\..\Library\The Great Transfer\modules\tracking\src\trackerBoosting.cpp">
      <Filter>Source Files\inc</Filter>
    </ClCompile>
    <ClCompile Include="..\..\..\..\..\..\Library\The Great Transfer\modules\tracking\src\trackerBoostingModel.cpp">
      <Filter>Source Files\inc</Filter>
    </ClCompile>
    <ClCompile Include="..\..\..\..\..\..\Library\The Great Transfer\modules\tracking\src\trackerFeature.cpp">
      <Filter>Source Files\inc</Filter>
    </ClCompile>
    <ClCompile Include="..\..\..\..\..\..\Library\The Great Transfer\modules\tracking\src\trackerFeatureSet.cpp">
      <Filter>Source Files\inc</Filter>
    </ClCompile>
    <ClCompile Include="..\..\..\..\..\..\Library\The Great Transfer\modules\tracking\src\trackerKCF.cpp">
      <Filter>Source Files\inc</Filter>
    </ClCompile>
    <ClCompile Include="..\..\..\..\..\..\Library\The Great Transfer\modules\tracking\src\trackerMedianFlow.cpp">
      <Filter>Source Files\inc</Filter>
    </ClCompile>
    <ClCompile Include="..\..\..\..\..\..\Library\The Great Transfer\modules\tracking\src\trackerMIL.cpp">
      <Filter>Source Files\inc</Filter>
    </ClCompile>
    <ClCompile Include="..\..\..\..\..\..\Library\The Great Transfer\modules\tracking\src\trackerMILModel.cpp">
      <Filter>Source Files\inc</Filter>
    </ClCompile>
    <ClCompile Include="..\..\..\..\..\..\Library\The Great Transfer\modules\tracking\src\trackerModel.cpp">
      <Filter>Source Files\inc</Filter>
    </ClCompile>
    <ClCompile Include="..\..\..\..\..\..\Library\The Great Transfer\modules\tracking\src\trackerSampler.cpp">
      <Filter>Source Files\inc</Filter>
    </ClCompile>
    <ClCompile Include="..\..\..\..\..\..\Library\The Great Transfer\modules\tracking\src\trackerSamplerAlgorithm.cpp">
      <Filter>Source Files\inc</Filter>
    </ClCompile>
    <ClCompile Include="..\..\..\..\..\..\Library\The Great Transfer\modules\tracking\src\trackerStateEstimator.cpp">
      <Filter>Source Files\inc</Filter>
    </ClCompile>
  </ItemGroup>
  <ItemGroup>
    <ResourceCompile Include="MadRockers2973ControlPanel2018.rc">
      <Filter>Resource Files</Filter>
    </ResourceCompile>
  </ItemGroup>
  <ItemGroup>
    <Image Include="small.ico">
      <Filter>Resource Files</Filter>
    </Image>
    <Image Include="MadRockers2973ControlPanel2018.ico">
      <Filter>Resource Files</Filter>
    </Image>
  </ItemGroup>
</Project>